{
  "nodes": {
    "blank": {
      "locked": {
        "lastModified": 1625557891,
        "narHash": "sha256-O8/MWsPBGhhyPoPLHZAuoZiiHo9q6FLlEeIDEXuj6T4=",
        "owner": "divnix",
        "repo": "blank",
        "rev": "5a5d2684073d9f563072ed07c871d577a6c614a8",
        "type": "github"
      },
      "original": {
        "owner": "divnix",
        "repo": "blank",
        "type": "github"
      }
    },
    "fenix": {
      "inputs": {
        "nixpkgs": [
          "nixpkgs"
        ],
        "rust-analyzer-src": [
          "blank"
        ]
      },
      "locked": {
        "lastModified": 1669357571,
        "narHash": "sha256-jKMZjewUOD6s71xP8zaTZ/oB3dtHM2D/cLgHoNQ9s80=",
        "owner": "nix-community",
        "repo": "fenix",
        "rev": "0d4b86633d6c5438a7b97d485f02e7e18101a541",
        "type": "github"
      },
      "original": {
        "owner": "nix-community",
        "repo": "fenix",
        "type": "github"
      }
    },
    "nixpkgs": {
      "locked": {
        "lastModified": 1669297632,
        "narHash": "sha256-/ylvSrb75ODmBKqVM9EkUvuu10dinlz7TM0jWJtImik=",
        "owner": "nixos",
        "repo": "nixpkgs",
        "rev": "e35699dd5791cee79fe050cb1f83e30f3f3b7789",
        "type": "github"
      },
      "original": {
        "owner": "nixos",
        "ref": "nixpkgs-unstable",
        "repo": "nixpkgs",
        "type": "github"
      }
    },
    "root": {
      "inputs": {
        "blank": "blank",
        "fenix": "fenix",
        "nixpkgs": "nixpkgs"
      }
    }
  },
  "root": "root",
  "version": 7
}
